filippo.io/edwards25519 v1.1.0 h1:FNf4tywRC1HmFuKW5xopWpigGjJKiJSV0Cqo0cJWDaA=
filippo.io/edwards25519 v1.1.0/go.mod h1:BxyFTGdWcka3PhytdK4V28tE5sGfRvvvRV7EaN4VDT4=
github.com/a-h/templ v0.2.707 h1:T1Gkd2ugbRglZ9rYw/VBchWOSZVKmetDbBkm4YubM7U=
github.com/a-h/templ v0.2.707/go.mod h1:5cqsugkq9IerRNucNsI4DEamdHPsoGMQy99DzydLhM8=
github.com/angelofallars/htmx-go v0.5.0 h1:L7M48cCH7nX8cV5wRYn04pN6AE4qNdh86iTbuKxhnIo=
github.com/angelofallars/htmx-go v0.5.0/go.mod h1:izXk6A+Jllc3vXs1dUvxUJs/jE0weiEC07ZPlCVi4cc=
github.com/go-sql-driver/mysql v1.8.1 h1:LedoTUt/eveggdHS9qUFC1EFSa8bU2+1pZjSRpvNJ1Y=
github.com/go-sql-driver/mysql v1.8.1/go.mod h1:wEBSXgmK//2ZFJyE+qWnIsVGmvmEKlqwuVSjsCm7DZg=
github.com/google/go-cmp v0.6.0 h1:ofyhxvXcZhMsU5ulbFiLKl/XBFqE1GSq7atu8tAmTRI=
github.com/google/go-cmp v0.6.0/go.mod h1:17dUlkBOakJ0+DkrSSNjCkIjxS6bF9zb3elmeNGIjoY=
github.com/gowebly/helpers v0.4.0 h1:EuB/BYQCUQegf/CPTwLKPsJvTMDtaBRF4WY8bMJiR3o=
github.com/gowebly/helpers v0.4.0/go.mod h1:jsMun6VyqRyX03uUANig2MMIU5Y5g9ybx8Jg6ezeyTk=
github.com/joho/godotenv v1.5.1 h1:7eLL/+HRGLY0ldzfGMeQkb7vMd0as4CfYvUVzLqw0N0=
github.com/joho/godotenv v1.5.1/go.mod h1:f4LDr5Voq0i2e/R5DDNOoa2zzDfwtkZa6DnEwAbqwq4=
github.com/yuin/goldmark v1.7.1 h1:3bajkSilaCbjdKVsKdZjZCLBNPL9pYzrCakKaf4U49U=
github.com/yuin/goldmark v1.7.1/go.mod h1:uzxRWxtg69N339t3louHJ7+O03ezfj6PlliRlaOzY1E=
